
Microsoft Visual Studio Solution File, Format Version 12.00
# Visual Studio Version 17
VisualStudioVersion = 17.7.34024.191
MinimumVisualStudioVersion = 10.0.40219.1
Project("{FAE04EC0-301F-11D3-BF4B-00C04F79EFBC}") = "ChallengesScriptGamble", "ChallengesScriptGamble\ChallengesScriptGamble.csproj", "{707F153A-6D39-4571-AC55-065707E29401}"
EndProject
Global
	GlobalSection(SolutionConfigurationPlatforms) = preSolution
		Debug|Any CPU = Debug|Any CPU
		Release|Any CPU = Release|Any CPU
	EndGlobalSection
	GlobalSection(ProjectConfigurationPlatforms) = postSolution
		{707F153A-6D39-4571-AC55-065707E29401}.Debug|Any CPU.ActiveCfg = Debug|Any CPU
		{707F153A-6D39-4571-AC55-065707E29401}.Debug|Any CPU.Build.0 = Debug|Any CPU
		{707F153A-6D39-4571-AC55-065707E29401}.Release|Any CPU.ActiveCfg = Release|Any CPU
		{707F153A-6D39-4571-AC55-065707E29401}.Release|Any CPU.Build.0 = Release|Any CPU
	EndGlobalSection
	GlobalSection(SolutionProperties) = preSolution
		HideSolutionNode = FALSE
	EndGlobalSection
	GlobalSection(ExtensibilityGlobals) = postSolution
		SolutionGuid = {EDFA3F6F-FC10-40A8-8DFF-65733A8309CB}
	EndGlobalSection
EndGlobal
